# This file is automatically @generated by Poetry 1.8.2 and should not be changed by hand.

[[package]]
name = "cachetools"
version = "5.3.3"
description = "Extensible memoizing collections and decorators"
optional = false
python-versions = ">=3.7"
files = [
    {file = "cachetools-5.3.3-py3-none-any.whl", hash = "sha256:0abad1021d3f8325b2fc1d2e9c8b9c9d57b04c3932657a72465447332c24d945"},
    {file = "cachetools-5.3.3.tar.gz", hash = "sha256:ba29e2dfa0b8b556606f097407ed1aa62080ee108ab0dc5ec9d6a723a007d105"},
]

[[package]]
name = "certifi"
version = "2024.2.2"
description = "Python package for providing Mozilla's CA Bundle."
optional = true
python-versions = ">=3.6"
files = [
    {file = "certifi-2024.2.2-py3-none-any.whl", hash = "sha256:dc383c07b76109f368f6106eee2b593b04a011ea4d55f652c6ca24a754d1cdd1"},
    {file = "certifi-2024.2.2.tar.gz", hash = "sha256:0569859f95fc761b18b45ef421b1290a0f65f147e92a1e5eb3e635f9a5e4e66f"},
]

[[package]]
name = "chardet"
version = "5.2.0"
description = "Universal encoding detector for Python 3"
optional = false
python-versions = ">=3.7"
files = [
    {file = "chardet-5.2.0-py3-none-any.whl", hash = "sha256:e1cf59446890a00105fe7b7912492ea04b6e6f06d4b742b2c788469e34c82970"},
    {file = "chardet-5.2.0.tar.gz", hash = "sha256:1b3b6ff479a8c414bc3fa2c0852995695c4a026dcd6d0633b2dd092ca39c1cf7"},
]

[[package]]
name = "colorama"
version = "0.4.6"
description = "Cross-platform colored terminal text."
optional = false
python-versions = "!=3.0.*,!=3.1.*,!=3.2.*,!=3.3.*,!=3.4.*,!=3.5.*,!=3.6.*,>=2.7"
files = [
    {file = "colorama-0.4.6-py2.py3-none-any.whl", hash = "sha256:4f1d9991f5acc0ca119f9d443620b77f9d6b33703e51011c16baf57afb285fc6"},
    {file = "colorama-0.4.6.tar.gz", hash = "sha256:08695f5cb7ed6e0531a20572697297273c47b8cae5a63ffc6d6ed5c201be6e44"},
]

[[package]]
name = "coverage"
version = "7.5.2"
description = "Code coverage measurement for Python"
optional = false
python-versions = ">=3.8"
files = [
    {file = "coverage-7.5.2-cp310-cp310-macosx_10_9_x86_64.whl", hash = "sha256:554c7327bf0fd688050348e22db7c8e163fb7219f3ecdd4732d7ed606b417263"},
    {file = "coverage-7.5.2-cp310-cp310-macosx_11_0_arm64.whl", hash = "sha256:d0305e02e40c7cfea5d08d6368576537a74c0eea62b77633179748d3519d6705"},
    {file = "coverage-7.5.2-cp310-cp310-manylinux_2_17_aarch64.manylinux2014_aarch64.whl", hash = "sha256:829fb55ad437d757c70d5b1c51cfda9377f31506a0a3f3ac282bc6a387d6a5f1"},
    {file = "coverage-7.5.2-cp310-cp310-manylinux_2_5_i686.manylinux1_i686.manylinux_2_17_i686.manylinux2014_i686.whl", hash = "sha256:894b1acded706f1407a662d08e026bfd0ff1e59e9bd32062fea9d862564cfb65"},
    {file = "coverage-7.5.2-cp310-cp310-manylinux_2_5_x86_64.manylinux1_x86_64.manylinux_2_17_x86_64.manylinux2014_x86_64.whl", hash = "sha256:fe76d6dee5e4febefa83998b17926df3a04e5089e3d2b1688c74a9157798d7a2"},
    {file = "coverage-7.5.2-cp310-cp310-musllinux_1_1_aarch64.whl", hash = "sha256:c7ebf2a37e4f5fea3c1a11e1f47cea7d75d0f2d8ef69635ddbd5c927083211fc"},
    {file = "coverage-7.5.2-cp310-cp310-musllinux_1_1_i686.whl", hash = "sha256:20e611fc36e1a0fc7bbf957ef9c635c8807d71fbe5643e51b2769b3cc0fb0b51"},
    {file = "coverage-7.5.2-cp310-cp310-musllinux_1_1_x86_64.whl", hash = "sha256:7c5c5b7ae2763533152880d5b5b451acbc1089ade2336b710a24b2b0f5239d20"},
    {file = "coverage-7.5.2-cp310-cp310-win32.whl", hash = "sha256:1e4225990a87df898e40ca31c9e830c15c2c53b1d33df592bc8ef314d71f0281"},
    {file = "coverage-7.5.2-cp310-cp310-win_amd64.whl", hash = "sha256:976cd92d9420e6e2aa6ce6a9d61f2b490e07cb468968adf371546b33b829284b"},
    {file = "coverage-7.5.2-cp311-cp311-macosx_10_9_x86_64.whl", hash = "sha256:5997d418c219dcd4dcba64e50671cca849aaf0dac3d7a2eeeb7d651a5bd735b8"},
    {file = "coverage-7.5.2-cp311-cp311-macosx_11_0_arm64.whl", hash = "sha256:ec27e93bbf5976f0465e8936f02eb5add99bbe4e4e7b233607e4d7622912d68d"},
    {file = "coverage-7.5.2-cp311-cp311-manylinux_2_17_aarch64.manylinux2014_aarch64.whl", hash = "sha256:1f11f98753800eb1ec872562a398081f6695f91cd01ce39819e36621003ec52a"},
    {file = "coverage-7.5.2-cp311-cp311-manylinux_2_5_i686.manylinux1_i686.manylinux_2_17_i686.manylinux2014_i686.whl", hash = "sha256:6e34680049eecb30b6498784c9637c1c74277dcb1db75649a152f8004fbd6646"},
    {file = "coverage-7.5.2-cp311-cp311-manylinux_2_5_x86_64.manylinux1_x86_64.manylinux_2_17_x86_64.manylinux2014_x86_64.whl", hash = "sha256:3e12536446ad4527ac8ed91d8a607813085683bcce27af69e3b31cd72b3c5960"},
    {file = "coverage-7.5.2-cp311-cp311-musllinux_1_1_aarch64.whl", hash = "sha256:3d3f7744b8a8079d69af69d512e5abed4fb473057625588ce126088e50d05493"},
    {file = "coverage-7.5.2-cp311-cp311-musllinux_1_1_i686.whl", hash = "sha256:431a3917e32223fcdb90b79fe60185864a9109631ebc05f6c5aa03781a00b513"},
    {file = "coverage-7.5.2-cp311-cp311-musllinux_1_1_x86_64.whl", hash = "sha256:a7c6574225f34ce45466f04751d957b5c5e6b69fca9351db017c9249786172ce"},
    {file = "coverage-7.5.2-cp311-cp311-win32.whl", hash = "sha256:2b144d142ec9987276aeff1326edbc0df8ba4afbd7232f0ca10ad57a115e95b6"},
    {file = "coverage-7.5.2-cp311-cp311-win_amd64.whl", hash = "sha256:900532713115ac58bc3491b9d2b52704a05ed408ba0918d57fd72c94bc47fba1"},
    {file = "coverage-7.5.2-cp312-cp312-macosx_10_9_x86_64.whl", hash = "sha256:9a42970ce74c88bdf144df11c52c5cf4ad610d860de87c0883385a1c9d9fa4ab"},
    {file = "coverage-7.5.2-cp312-cp312-macosx_11_0_arm64.whl", hash = "sha256:26716a1118c6ce2188283b4b60a898c3be29b480acbd0a91446ced4fe4e780d8"},
    {file = "coverage-7.5.2-cp312-cp312-manylinux_2_17_aarch64.manylinux2014_aarch64.whl", hash = "sha256:60b66b0363c5a2a79fba3d1cd7430c25bbd92c923d031cae906bdcb6e054d9a2"},
    {file = "coverage-7.5.2-cp312-cp312-manylinux_2_5_i686.manylinux1_i686.manylinux_2_17_i686.manylinux2014_i686.whl", hash = "sha256:e5d22eba19273b2069e4efeff88c897a26bdc64633cbe0357a198f92dca94268"},
    {file = "coverage-7.5.2-cp312-cp312-manylinux_2_5_x86_64.manylinux1_x86_64.manylinux_2_17_x86_64.manylinux2014_x86_64.whl", hash = "sha256:3bb5b92a0ab3d22dfdbfe845e2fef92717b067bdf41a5b68c7e3e857c0cff1a4"},
    {file = "coverage-7.5.2-cp312-cp312-musllinux_1_1_aarch64.whl", hash = "sha256:1aef719b6559b521ae913ddeb38f5048c6d1a3d366865e8b320270b7bc4693c2"},
    {file = "coverage-7.5.2-cp312-cp312-musllinux_1_1_i686.whl", hash = "sha256:8809c0ea0e8454f756e3bd5c36d04dddf222989216788a25bfd6724bfcee342c"},
    {file = "coverage-7.5.2-cp312-cp312-musllinux_1_1_x86_64.whl", hash = "sha256:1acc2e2ef098a1d4bf535758085f508097316d738101a97c3f996bccba963ea5"},
    {file = "coverage-7.5.2-cp312-cp312-win32.whl", hash = "sha256:97de509043d3f0f2b2cd171bdccf408f175c7f7a99d36d566b1ae4dd84107985"},
    {file = "coverage-7.5.2-cp312-cp312-win_amd64.whl", hash = "sha256:8941e35a0e991a7a20a1fa3e3182f82abe357211f2c335a9e6007067c3392fcf"},
    {file = "coverage-7.5.2-cp38-cp38-macosx_10_9_x86_64.whl", hash = "sha256:5662bf0f6fb6757f5c2d6279c541a5af55a39772c2362ed0920b27e3ce0e21f7"},
    {file = "coverage-7.5.2-cp38-cp38-macosx_11_0_arm64.whl", hash = "sha256:3d9c62cff2ffb4c2a95328488fd7aa96a7a4b34873150650fe76b19c08c9c792"},
    {file = "coverage-7.5.2-cp38-cp38-manylinux_2_17_aarch64.manylinux2014_aarch64.whl", hash = "sha256:74eeaa13e8200ad72fca9c5f37395fb310915cec6f1682b21375e84fd9770e84"},
    {file = "coverage-7.5.2-cp38-cp38-manylinux_2_5_i686.manylinux1_i686.manylinux_2_17_i686.manylinux2014_i686.whl", hash = "sha256:1f29bf497d51a5077994b265e976d78b09d9d0dff6ca5763dbb4804534a5d380"},
    {file = "coverage-7.5.2-cp38-cp38-manylinux_2_5_x86_64.manylinux1_x86_64.manylinux_2_17_x86_64.manylinux2014_x86_64.whl", hash = "sha256:1f96aa94739593ae0707eda9813ce363a0a0374a810ae0eced383340fc4a1f73"},
    {file = "coverage-7.5.2-cp38-cp38-musllinux_1_1_aarch64.whl", hash = "sha256:51b6cee539168a912b4b3b040e4042b9e2c9a7ad9c8546c09e4eaeff3eacba6b"},
    {file = "coverage-7.5.2-cp38-cp38-musllinux_1_1_i686.whl", hash = "sha256:59a75e6aa5c25b50b5a1499f9718f2edff54257f545718c4fb100f48d570ead4"},
    {file = "coverage-7.5.2-cp38-cp38-musllinux_1_1_x86_64.whl", hash = "sha256:29da75ce20cb0a26d60e22658dd3230713c6c05a3465dd8ad040ffc991aea318"},
    {file = "coverage-7.5.2-cp38-cp38-win32.whl", hash = "sha256:23f2f16958b16152b43a39a5ecf4705757ddd284b3b17a77da3a62aef9c057ef"},
    {file = "coverage-7.5.2-cp38-cp38-win_amd64.whl", hash = "sha256:9e41c94035e5cdb362beed681b58a707e8dc29ea446ea1713d92afeded9d1ddd"},
    {file = "coverage-7.5.2-cp39-cp39-macosx_10_9_x86_64.whl", hash = "sha256:06d96b9b19bbe7f049c2be3c4f9e06737ec6d8ef8933c7c3a4c557ef07936e46"},
    {file = "coverage-7.5.2-cp39-cp39-macosx_11_0_arm64.whl", hash = "sha256:878243e1206828908a6b4a9ca7b1aa8bee9eb129bf7186fc381d2646f4524ce9"},
    {file = "coverage-7.5.2-cp39-cp39-manylinux_2_17_aarch64.manylinux2014_aarch64.whl", hash = "sha256:482df956b055d3009d10fce81af6ffab28215d7ed6ad4a15e5c8e67cb7c5251c"},
    {file = "coverage-7.5.2-cp39-cp39-manylinux_2_5_i686.manylinux1_i686.manylinux_2_17_i686.manylinux2014_i686.whl", hash = "sha256:a35c97af60a5492e9e89f8b7153fe24eadfd61cb3a2fb600df1a25b5dab34b7e"},
    {file = "coverage-7.5.2-cp39-cp39-manylinux_2_5_x86_64.manylinux1_x86_64.manylinux_2_17_x86_64.manylinux2014_x86_64.whl", hash = "sha256:24bb4c7859a3f757a116521d4d3a8a82befad56ea1bdacd17d6aafd113b0071e"},
    {file = "coverage-7.5.2-cp39-cp39-musllinux_1_1_aarch64.whl", hash = "sha256:e1046aab24c48c694f0793f669ac49ea68acde6a0798ac5388abe0a5615b5ec8"},
    {file = "coverage-7.5.2-cp39-cp39-musllinux_1_1_i686.whl", hash = "sha256:448ec61ea9ea7916d5579939362509145caaecf03161f6f13e366aebb692a631"},
    {file = "coverage-7.5.2-cp39-cp39-musllinux_1_1_x86_64.whl", hash = "sha256:4a00bd5ba8f1a4114720bef283cf31583d6cb1c510ce890a6da6c4268f0070b7"},
    {file = "coverage-7.5.2-cp39-cp39-win32.whl", hash = "sha256:9f805481d5eff2a96bac4da1570ef662bf970f9a16580dc2c169c8c3183fa02b"},
    {file = "coverage-7.5.2-cp39-cp39-win_amd64.whl", hash = "sha256:2c79f058e7bec26b5295d53b8c39ecb623448c74ccc8378631f5cb5c16a7e02c"},
    {file = "coverage-7.5.2-pp38.pp39.pp310-none-any.whl", hash = "sha256:40dbb8e7727560fe8ab65efcddfec1ae25f30ef02e2f2e5d78cfb52a66781ec5"},
    {file = "coverage-7.5.2.tar.gz", hash = "sha256:13017a63b0e499c59b5ba94a8542fb62864ba3016127d1e4ef30d354fc2b00e9"},
]

[package.dependencies]
tomli = {version = "*", optional = true, markers = "python_full_version <= \"3.11.0a6\" and extra == \"toml\""}

[package.extras]
toml = ["tomli"]

[[package]]
name = "distlib"
version = "0.3.8"
description = "Distribution utilities"
optional = false
python-versions = "*"
files = [
    {file = "distlib-0.3.8-py2.py3-none-any.whl", hash = "sha256:034db59a0b96f8ca18035f36290806a9a6e6bd9d1ff91e45a7f172eb17e51784"},
    {file = "distlib-0.3.8.tar.gz", hash = "sha256:1530ea13e350031b6312d8580ddb6b27a104275a31106523b8f123787f494f64"},
]

[[package]]
name = "filelock"
version = "3.14.0"
description = "A platform independent file lock."
optional = false
python-versions = ">=3.8"
files = [
    {file = "filelock-3.14.0-py3-none-any.whl", hash = "sha256:43339835842f110ca7ae60f1e1c160714c5a6afd15a2873419ab185334975c0f"},
    {file = "filelock-3.14.0.tar.gz", hash = "sha256:6ea72da3be9b8c82afd3edcf99f2fffbb5076335a5ae4d03248bb5b6c3eae78a"},
]

[package.extras]
docs = ["furo (>=2023.9.10)", "sphinx (>=7.2.6)", "sphinx-autodoc-typehints (>=1.25.2)"]
testing = ["covdefaults (>=2.3)", "coverage (>=7.3.2)", "diff-cover (>=8.0.1)", "pytest (>=7.4.3)", "pytest-cov (>=4.1)", "pytest-mock (>=3.12)", "pytest-timeout (>=2.2)"]
typing = ["typing-extensions (>=4.8)"]

[[package]]
name = "numpy"
version = "1.26.4"
description = "Fundamental package for array computing in Python"
optional = false
python-versions = ">=3.9"
files = [
    {file = "numpy-1.26.4-cp310-cp310-macosx_10_9_x86_64.whl", hash = "sha256:9ff0f4f29c51e2803569d7a51c2304de5554655a60c5d776e35b4a41413830d0"},
    {file = "numpy-1.26.4-cp310-cp310-macosx_11_0_arm64.whl", hash = "sha256:2e4ee3380d6de9c9ec04745830fd9e2eccb3e6cf790d39d7b98ffd19b0dd754a"},
    {file = "numpy-1.26.4-cp310-cp310-manylinux_2_17_aarch64.manylinux2014_aarch64.whl", hash = "sha256:d209d8969599b27ad20994c8e41936ee0964e6da07478d6c35016bc386b66ad4"},
    {file = "numpy-1.26.4-cp310-cp310-manylinux_2_17_x86_64.manylinux2014_x86_64.whl", hash = "sha256:ffa75af20b44f8dba823498024771d5ac50620e6915abac414251bd971b4529f"},
    {file = "numpy-1.26.4-cp310-cp310-musllinux_1_1_aarch64.whl", hash = "sha256:62b8e4b1e28009ef2846b4c7852046736bab361f7aeadeb6a5b89ebec3c7055a"},
    {file = "numpy-1.26.4-cp310-cp310-musllinux_1_1_x86_64.whl", hash = "sha256:a4abb4f9001ad2858e7ac189089c42178fcce737e4169dc61321660f1a96c7d2"},
    {file = "numpy-1.26.4-cp310-cp310-win32.whl", hash = "sha256:bfe25acf8b437eb2a8b2d49d443800a5f18508cd811fea3181723922a8a82b07"},
    {file = "numpy-1.26.4-cp310-cp310-win_amd64.whl", hash = "sha256:b97fe8060236edf3662adfc2c633f56a08ae30560c56310562cb4f95500022d5"},
    {file = "numpy-1.26.4-cp311-cp311-macosx_10_9_x86_64.whl", hash = "sha256:4c66707fabe114439db9068ee468c26bbdf909cac0fb58686a42a24de1760c71"},
    {file = "numpy-1.26.4-cp311-cp311-macosx_11_0_arm64.whl", hash = "sha256:edd8b5fe47dab091176d21bb6de568acdd906d1887a4584a15a9a96a1dca06ef"},
    {file = "numpy-1.26.4-cp311-cp311-manylinux_2_17_aarch64.manylinux2014_aarch64.whl", hash = "sha256:7ab55401287bfec946ced39700c053796e7cc0e3acbef09993a9ad2adba6ca6e"},
    {file = "numpy-1.26.4-cp311-cp311-manylinux_2_17_x86_64.manylinux2014_x86_64.whl", hash = "sha256:666dbfb6ec68962c033a450943ded891bed2d54e6755e35e5835d63f4f6931d5"},
    {file = "numpy-1.26.4-cp311-cp311-musllinux_1_1_aarch64.whl", hash = "sha256:96ff0b2ad353d8f990b63294c8986f1ec3cb19d749234014f4e7eb0112ceba5a"},
    {file = "numpy-1.26.4-cp311-cp311-musllinux_1_1_x86_64.whl", hash = "sha256:60dedbb91afcbfdc9bc0b1f3f402804070deed7392c23eb7a7f07fa857868e8a"},
    {file = "numpy-1.26.4-cp311-cp311-win32.whl", hash = "sha256:1af303d6b2210eb850fcf03064d364652b7120803a0b872f5211f5234b399f20"},
    {file = "numpy-1.26.4-cp311-cp311-win_amd64.whl", hash = "sha256:cd25bcecc4974d09257ffcd1f098ee778f7834c3ad767fe5db785be9a4aa9cb2"},
    {file = "numpy-1.26.4-cp312-cp312-macosx_10_9_x86_64.whl", hash = "sha256:b3ce300f3644fb06443ee2222c2201dd3a89ea6040541412b8fa189341847218"},
    {file = "numpy-1.26.4-cp312-cp312-macosx_11_0_arm64.whl", hash = "sha256:03a8c78d01d9781b28a6989f6fa1bb2c4f2d51201cf99d3dd875df6fbd96b23b"},
    {file = "numpy-1.26.4-cp312-cp312-manylinux_2_17_aarch64.manylinux2014_aarch64.whl", hash = "sha256:9fad7dcb1aac3c7f0584a5a8133e3a43eeb2fe127f47e3632d43d677c66c102b"},
    {file = "numpy-1.26.4-cp312-cp312-manylinux_2_17_x86_64.manylinux2014_x86_64.whl", hash = "sha256:675d61ffbfa78604709862923189bad94014bef562cc35cf61d3a07bba02a7ed"},
    {file = "numpy-1.26.4-cp312-cp312-musllinux_1_1_aarch64.whl", hash = "sha256:ab47dbe5cc8210f55aa58e4805fe224dac469cde56b9f731a4c098b91917159a"},
    {file = "numpy-1.26.4-cp312-cp312-musllinux_1_1_x86_64.whl", hash = "sha256:1dda2e7b4ec9dd512f84935c5f126c8bd8b9f2fc001e9f54af255e8c5f16b0e0"},
    {file = "numpy-1.26.4-cp312-cp312-win32.whl", hash = "sha256:50193e430acfc1346175fcbdaa28ffec49947a06918b7b92130744e81e640110"},
    {file = "numpy-1.26.4-cp312-cp312-win_amd64.whl", hash = "sha256:08beddf13648eb95f8d867350f6a018a4be2e5ad54c8d8caed89ebca558b2818"},
    {file = "numpy-1.26.4-cp39-cp39-macosx_10_9_x86_64.whl", hash = "sha256:7349ab0fa0c429c82442a27a9673fc802ffdb7c7775fad780226cb234965e53c"},
    {file = "numpy-1.26.4-cp39-cp39-macosx_11_0_arm64.whl", hash = "sha256:52b8b60467cd7dd1e9ed082188b4e6bb35aa5cdd01777621a1658910745b90be"},
    {file = "numpy-1.26.4-cp39-cp39-manylinux_2_17_aarch64.manylinux2014_aarch64.whl", hash = "sha256:d5241e0a80d808d70546c697135da2c613f30e28251ff8307eb72ba696945764"},
    {file = "numpy-1.26.4-cp39-cp39-manylinux_2_17_x86_64.manylinux2014_x86_64.whl", hash = "sha256:f870204a840a60da0b12273ef34f7051e98c3b5961b61b0c2c1be6dfd64fbcd3"},
    {file = "numpy-1.26.4-cp39-cp39-musllinux_1_1_aarch64.whl", hash = "sha256:679b0076f67ecc0138fd2ede3a8fd196dddc2ad3254069bcb9faf9a79b1cebcd"},
    {file = "numpy-1.26.4-cp39-cp39-musllinux_1_1_x86_64.whl", hash = "sha256:47711010ad8555514b434df65f7d7b076bb8261df1ca9bb78f53d3b2db02e95c"},
    {file = "numpy-1.26.4-cp39-cp39-win32.whl", hash = "sha256:a354325ee03388678242a4d7ebcd08b5c727033fcff3b2f536aea978e15ee9e6"},
    {file = "numpy-1.26.4-cp39-cp39-win_amd64.whl", hash = "sha256:3373d5d70a5fe74a2c1bb6d2cfd9609ecf686d47a2d7b1d37a8f3b6bf6003aea"},
    {file = "numpy-1.26.4-pp39-pypy39_pp73-macosx_10_9_x86_64.whl", hash = "sha256:afedb719a9dcfc7eaf2287b839d8198e06dcd4cb5d276a3df279231138e83d30"},
    {file = "numpy-1.26.4-pp39-pypy39_pp73-manylinux_2_17_x86_64.manylinux2014_x86_64.whl", hash = "sha256:95a7476c59002f2f6c590b9b7b998306fba6a5aa646b1e22ddfeaf8f78c3a29c"},
    {file = "numpy-1.26.4-pp39-pypy39_pp73-win_amd64.whl", hash = "sha256:7e50d0a0cc3189f9cb0aeb3a6a6af18c16f59f004b866cd2be1c14b36134a4a0"},
    {file = "numpy-1.26.4.tar.gz", hash = "sha256:2a02aba9ed12e4ac4eb3ea9421c420301a0c6460d9830d74a9df87efa4912010"},
]

[[package]]
name = "packaging"
version = "24.0"
description = "Core utilities for Python packages"
optional = false
python-versions = ">=3.7"
files = [
    {file = "packaging-24.0-py3-none-any.whl", hash = "sha256:2ddfb553fdf02fb784c234c7ba6ccc288296ceabec964ad2eae3777778130bc5"},
    {file = "packaging-24.0.tar.gz", hash = "sha256:eb82c5e3e56209074766e6885bb04b8c38a0c015d0a30036ebe7ece34c9989e9"},
]

[[package]]
name = "platformdirs"
version = "4.2.2"
description = "A small Python package for determining appropriate platform-specific dirs, e.g. a `user data dir`."
optional = false
python-versions = ">=3.8"
files = [
    {file = "platformdirs-4.2.2-py3-none-any.whl", hash = "sha256:2d7a1657e36a80ea911db832a8a6ece5ee53d8de21edd5cc5879af6530b1bfee"},
    {file = "platformdirs-4.2.2.tar.gz", hash = "sha256:38b7b51f512eed9e84a22788b4bce1de17c0adb134d6becb09836e37d8654cd3"},
]

[package.extras]
docs = ["furo (>=2023.9.10)", "proselint (>=0.13)", "sphinx (>=7.2.6)", "sphinx-autodoc-typehints (>=1.25.2)"]
test = ["appdirs (==1.4.4)", "covdefaults (>=2.3)", "pytest (>=7.4.3)", "pytest-cov (>=4.1)", "pytest-mock (>=3.12)"]
type = ["mypy (>=1.8)"]

[[package]]
name = "pluggy"
version = "1.5.0"
description = "plugin and hook calling mechanisms for python"
optional = false
python-versions = ">=3.8"
files = [
    {file = "pluggy-1.5.0-py3-none-any.whl", hash = "sha256:44e1ad92c8ca002de6377e165f3e0f1be63266ab4d554740532335b9d75ea669"},
    {file = "pluggy-1.5.0.tar.gz", hash = "sha256:2cffa88e94fdc978c4c574f15f9e59b7f4201d439195c3715ca9e2486f1d0cf1"},
]

[package.extras]
dev = ["pre-commit", "tox"]
testing = ["pytest", "pytest-benchmark"]

[[package]]
name = "protobuf"
version = "5.27.0"
description = ""
optional = false
python-versions = ">=3.8"
files = [
    {file = "protobuf-5.27.0-cp310-abi3-win32.whl", hash = "sha256:2f83bf341d925650d550b8932b71763321d782529ac0eaf278f5242f513cc04e"},
    {file = "protobuf-5.27.0-cp310-abi3-win_amd64.whl", hash = "sha256:b276e3f477ea1eebff3c2e1515136cfcff5ac14519c45f9b4aa2f6a87ea627c4"},
    {file = "protobuf-5.27.0-cp38-abi3-macosx_10_9_universal2.whl", hash = "sha256:744489f77c29174328d32f8921566fb0f7080a2f064c5137b9d6f4b790f9e0c1"},
    {file = "protobuf-5.27.0-cp38-abi3-manylinux2014_aarch64.whl", hash = "sha256:f51f33d305e18646f03acfdb343aac15b8115235af98bc9f844bf9446573827b"},
    {file = "protobuf-5.27.0-cp38-abi3-manylinux2014_x86_64.whl", hash = "sha256:56937f97ae0dcf4e220ff2abb1456c51a334144c9960b23597f044ce99c29c89"},
    {file = "protobuf-5.27.0-cp38-cp38-win32.whl", hash = "sha256:a17f4d664ea868102feaa30a674542255f9f4bf835d943d588440d1f49a3ed15"},
    {file = "protobuf-5.27.0-cp38-cp38-win_amd64.whl", hash = "sha256:aabbbcf794fbb4c692ff14ce06780a66d04758435717107c387f12fb477bf0d8"},
    {file = "protobuf-5.27.0-cp39-cp39-win32.whl", hash = "sha256:587be23f1212da7a14a6c65fd61995f8ef35779d4aea9e36aad81f5f3b80aec5"},
    {file = "protobuf-5.27.0-cp39-cp39-win_amd64.whl", hash = "sha256:7cb65fc8fba680b27cf7a07678084c6e68ee13cab7cace734954c25a43da6d0f"},
    {file = "protobuf-5.27.0-py3-none-any.whl", hash = "sha256:673ad60f1536b394b4fa0bcd3146a4130fcad85bfe3b60eaa86d6a0ace0fa374"},
    {file = "protobuf-5.27.0.tar.gz", hash = "sha256:07f2b9a15255e3cf3f137d884af7972407b556a7a220912b252f26dc3121e6bf"},
]

[[package]]
name = "pyclipper"
version = "1.3.0.post5"
description = "Cython wrapper for the C++ translation of the Angus Johnson's Clipper library (ver. 6.4.2)"
optional = false
python-versions = "*"
files = [
    {file = "pyclipper-1.3.0.post5-cp310-cp310-macosx_10_9_universal2.whl", hash = "sha256:3c45f99b8180dd4df4c86642657ca92b7d5289a5e3724521822e0f9461961fe2"},
    {file = "pyclipper-1.3.0.post5-cp310-cp310-macosx_10_9_x86_64.whl", hash = "sha256:567ffd419a0bdc3727fa4562cfa1f18484691817a2bc0bc675750aa28ed98bd4"},
    {file = "pyclipper-1.3.0.post5-cp310-cp310-manylinux_2_12_x86_64.manylinux2010_x86_64.whl", hash = "sha256:59c8c75661a6d87e98b1655851578a2917d3c8859912c9a4f1956b9830940fd9"},
    {file = "pyclipper-1.3.0.post5-cp310-cp310-manylinux_2_17_aarch64.manylinux2014_aarch64.whl", hash = "sha256:a496efa146d2d88b59350021739e4685e439dc569b6654e9e6d5e42e9a0b1666"},
    {file = "pyclipper-1.3.0.post5-cp310-cp310-win32.whl", hash = "sha256:02a98d09af9b60bcf8e9480d153c0839e20b92689f5602f87242a4933842fecd"},
    {file = "pyclipper-1.3.0.post5-cp310-cp310-win_amd64.whl", hash = "sha256:847f1e2fc3994bb498fe675f55c98129b95dc26a5c92304ba4cf0ab40721ea3d"},
    {file = "pyclipper-1.3.0.post5-cp311-cp311-macosx_10_9_universal2.whl", hash = "sha256:b7a983ae019932bfa0a1971a2dc8c856704add5f3d567bed8fac02dbc0e7f0bf"},
    {file = "pyclipper-1.3.0.post5-cp311-cp311-macosx_10_9_x86_64.whl", hash = "sha256:d8760075c395b924f894aa16ee06e8c040c6f9b63e0903e49de3cc8d82d9e637"},
    {file = "pyclipper-1.3.0.post5-cp311-cp311-manylinux_2_17_aarch64.manylinux2014_aarch64.whl", hash = "sha256:e4ea61ca5899d3346c614951342c506f119601ed0a1f4889a9cc236558afec6b"},
    {file = "pyclipper-1.3.0.post5-cp311-cp311-manylinux_2_17_x86_64.manylinux2014_x86_64.whl", hash = "sha256:46499b361ae067662b22578401d83d57716f3cc0071d592feb07d504b439fea7"},
    {file = "pyclipper-1.3.0.post5-cp311-cp311-win32.whl", hash = "sha256:d5c77e39ab05a6cf277c819639968b21e6959e996ea1a074afc24236541708ff"},
    {file = "pyclipper-1.3.0.post5-cp311-cp311-win_amd64.whl", hash = "sha256:0f78a1c18ff4f9276f78d9353d6ed4309c3886a9d0172437e48328aef499165e"},
    {file = "pyclipper-1.3.0.post5-cp312-cp312-macosx_10_9_universal2.whl", hash = "sha256:5237282f906049c307e6c90333c7d56f6b8712bf087ef97b141830c40b09ca0a"},
    {file = "pyclipper-1.3.0.post5-cp312-cp312-macosx_10_9_x86_64.whl", hash = "sha256:aca8635573646b65c054399433fb3493637f1445db942de8a52fca9ef493ba3d"},
    {file = "pyclipper-1.3.0.post5-cp312-cp312-manylinux_2_17_aarch64.manylinux2014_aarch64.whl", hash = "sha256:1158a2b13d59bdfab33d1d928f7b72c8c7fb8a76e7d2283839cb45d7c0ff2140"},
    {file = "pyclipper-1.3.0.post5-cp312-cp312-manylinux_2_17_x86_64.manylinux2014_x86_64.whl", hash = "sha256:5a041f1a7982b17cf92fd3be349ec41ff1901792149c166bf283f469567b52d6"},
    {file = "pyclipper-1.3.0.post5-cp312-cp312-win32.whl", hash = "sha256:bf3a2ccd6e4e078250b0a31a12c519b0be6d1bc160acfceee62407dbd68558f6"},
    {file = "pyclipper-1.3.0.post5-cp312-cp312-win_amd64.whl", hash = "sha256:2ce6e0a6ab32182c26537965cf521822cd11a28a7ffcef48635a94c6ca8559ef"},
    {file = "pyclipper-1.3.0.post5-cp36-cp36m-macosx_10_9_x86_64.whl", hash = "sha256:010ee13d40d924341cc41b6d9901d763175040c68753939f140bc0cc714f18bb"},
    {file = "pyclipper-1.3.0.post5-cp36-cp36m-manylinux_2_17_aarch64.manylinux2014_aarch64.whl", hash = "sha256:ee1c4797b1dc982ae9d60333269536ea03ddc0baa1c3383a6d5b741dbbb12675"},
    {file = "pyclipper-1.3.0.post5-cp36-cp36m-manylinux_2_5_x86_64.manylinux1_x86_64.whl", hash = "sha256:ba692cf11873886085a0445dcfc362b24ca35bcb997ad9e9b5685854a290d8ff"},
    {file = "pyclipper-1.3.0.post5-cp36-cp36m-win32.whl", hash = "sha256:f0b84fcf5230aca2de06ddb7920459daa858853835f8774739ca30dd516e7d37"},
    {file = "pyclipper-1.3.0.post5-cp36-cp36m-win_amd64.whl", hash = "sha256:741910bfd7b0bd40f027869f4bf86bdd9678ae7f74e8dabcf62d170269f6191d"},
    {file = "pyclipper-1.3.0.post5-cp37-cp37m-macosx_10_9_x86_64.whl", hash = "sha256:5f3484b4dffa64f0e3a43b63165a5c0f507c5850e70b9cc2eaa82474d7746393"},
    {file = "pyclipper-1.3.0.post5-cp37-cp37m-manylinux_2_17_aarch64.manylinux2014_aarch64.whl", hash = "sha256:87efec9795744cef786f2f8cab17d6dc07f57dfce5e3b7f3be96eb79a4ce5794"},
    {file = "pyclipper-1.3.0.post5-cp37-cp37m-manylinux_2_5_x86_64.manylinux1_x86_64.whl", hash = "sha256:5f445a2d03690faa23a1b90e32dfb4352a60b23437323de87388c6c611d3d1e3"},
    {file = "pyclipper-1.3.0.post5-cp37-cp37m-win32.whl", hash = "sha256:eb9d1cb2999bc1ea8ad1c3a031ba33b0a89a5ace25d33df7529d3ff18c16604c"},
    {file = "pyclipper-1.3.0.post5-cp37-cp37m-win_amd64.whl", hash = "sha256:ead0f3ecd1961005f61d50c896e33442138b4e7c9e0c035784d3525068dd2b10"},
    {file = "pyclipper-1.3.0.post5-cp38-cp38-macosx_10_9_universal2.whl", hash = "sha256:39ccd920b192a4f8096589a2a1f8faaf6aaaadb7a163b5ce913d03faac2449bb"},
    {file = "pyclipper-1.3.0.post5-cp38-cp38-macosx_10_9_x86_64.whl", hash = "sha256:e346e7adba43e40f5f5f293b6b6a45de5a6a3bdc74e437dedd948c5d74de9405"},
    {file = "pyclipper-1.3.0.post5-cp38-cp38-manylinux_2_17_aarch64.manylinux2014_aarch64.whl", hash = "sha256:bb2fb22927c3ac3191e555efd335c6efa819aa1ff4d0901979673ab5a18eb740"},
    {file = "pyclipper-1.3.0.post5-cp38-cp38-manylinux_2_5_x86_64.manylinux1_x86_64.whl", hash = "sha256:a678999d728023f1f3988a14a2e6d89d6f1ed4d0786d5992c1bffb4c1ab30318"},
    {file = "pyclipper-1.3.0.post5-cp38-cp38-win32.whl", hash = "sha256:36d456fdf32a6410a87bd7af8ebc4c01f19b4e3b839104b3072558cad0d8bf4c"},
    {file = "pyclipper-1.3.0.post5-cp38-cp38-win_amd64.whl", hash = "sha256:c9c1fdf4ecae6b55033ede3f4e931156ffc969334300f44f8bf1b356ec0a3d63"},
    {file = "pyclipper-1.3.0.post5-cp39-cp39-macosx_10_9_universal2.whl", hash = "sha256:8bb9cd95fd4bd88fb1590d1763a52e3ea6a1095e11b3e885ff164da1313aae79"},
    {file = "pyclipper-1.3.0.post5-cp39-cp39-macosx_10_9_x86_64.whl", hash = "sha256:0f516fd69aa61a9698a3ce3ba2f7edda5ac6aafc8d964ee3bc60897906947fcb"},
    {file = "pyclipper-1.3.0.post5-cp39-cp39-manylinux_2_17_aarch64.manylinux2014_aarch64.whl", hash = "sha256:e36f018303656ea4a629d2fba0d0d4c74960eacec7119fe2ab3c658ce84c494b"},
    {file = "pyclipper-1.3.0.post5-cp39-cp39-manylinux_2_5_x86_64.manylinux1_x86_64.whl", hash = "sha256:dd3c4b312a931e668a7a291d4bd5b10bacb0687bd163220a9f0418c7e23169e2"},
    {file = "pyclipper-1.3.0.post5-cp39-cp39-win32.whl", hash = "sha256:cfea42972e90954b3c89da9216993373a2270a5103d4916fd543a1109528ed4c"},
    {file = "pyclipper-1.3.0.post5-cp39-cp39-win_amd64.whl", hash = "sha256:85ca06f382f999903d809380e4c01ec127d3eb26431402e9b3f01facaec68b80"},
    {file = "pyclipper-1.3.0.post5-pp37-pypy37_pp73-manylinux_2_12_x86_64.manylinux2010_x86_64.whl", hash = "sha256:da30e59c684eea198f6e19244e9a41e855a23a416cc708821fd4eb8f5f18626c"},
    {file = "pyclipper-1.3.0.post5-pp38-pypy38_pp73-manylinux_2_12_x86_64.manylinux2010_x86_64.whl", hash = "sha256:d8a9e3e46aa50e4c3667db9a816d59ae4f9c62b05f997abb8a9b3f3afe6d94a4"},
    {file = "pyclipper-1.3.0.post5-pp39-pypy39_pp73-manylinux_2_17_x86_64.manylinux2014_x86_64.whl", hash = "sha256:0589b80f2da1ad322345a93c053b5d46dc692def5a188351be01f34bcf041218"},
    {file = "pyclipper-1.3.0.post5.tar.gz", hash = "sha256:c0239f928e0bf78a3efc2f2f615a10bfcdb9f33012d46d64c8d1225b4bde7096"},
]

[[package]]
name = "pyproj"
version = "3.6.1"
description = "Python interface to PROJ (cartographic projections and coordinate transformations library)"
optional = true
python-versions = ">=3.9"
files = [
    {file = "pyproj-3.6.1-cp310-cp310-macosx_10_9_x86_64.whl", hash = "sha256:ab7aa4d9ff3c3acf60d4b285ccec134167a948df02347585fdd934ebad8811b4"},
    {file = "pyproj-3.6.1-cp310-cp310-macosx_11_0_arm64.whl", hash = "sha256:4bc0472302919e59114aa140fd7213c2370d848a7249d09704f10f5b062031fe"},
    {file = "pyproj-3.6.1-cp310-cp310-manylinux_2_17_aarch64.manylinux2014_aarch64.whl", hash = "sha256:5279586013b8d6582e22b6f9e30c49796966770389a9d5b85e25a4223286cd3f"},
    {file = "pyproj-3.6.1-cp310-cp310-manylinux_2_17_x86_64.manylinux2014_x86_64.whl", hash = "sha256:80fafd1f3eb421694857f254a9bdbacd1eb22fc6c24ca74b136679f376f97d35"},
    {file = "pyproj-3.6.1-cp310-cp310-win32.whl", hash = "sha256:c41e80ddee130450dcb8829af7118f1ab69eaf8169c4bf0ee8d52b72f098dc2f"},
    {file = "pyproj-3.6.1-cp310-cp310-win_amd64.whl", hash = "sha256:db3aedd458e7f7f21d8176f0a1d924f1ae06d725228302b872885a1c34f3119e"},
    {file = "pyproj-3.6.1-cp311-cp311-macosx_10_9_x86_64.whl", hash = "sha256:ebfbdbd0936e178091309f6cd4fcb4decd9eab12aa513cdd9add89efa3ec2882"},
    {file = "pyproj-3.6.1-cp311-cp311-macosx_11_0_arm64.whl", hash = "sha256:447db19c7efad70ff161e5e46a54ab9cc2399acebb656b6ccf63e4bc4a04b97a"},
    {file = "pyproj-3.6.1-cp311-cp311-manylinux_2_17_aarch64.manylinux2014_aarch64.whl", hash = "sha256:e7e13c40183884ec7f94eb8e0f622f08f1d5716150b8d7a134de48c6110fee85"},
    {file = "pyproj-3.6.1-cp311-cp311-manylinux_2_17_x86_64.manylinux2014_x86_64.whl", hash = "sha256:65ad699e0c830e2b8565afe42bd58cc972b47d829b2e0e48ad9638386d994915"},
    {file = "pyproj-3.6.1-cp311-cp311-win32.whl", hash = "sha256:8b8acc31fb8702c54625f4d5a2a6543557bec3c28a0ef638778b7ab1d1772132"},
    {file = "pyproj-3.6.1-cp311-cp311-win_amd64.whl", hash = "sha256:38a3361941eb72b82bd9a18f60c78b0df8408416f9340521df442cebfc4306e2"},
    {file = "pyproj-3.6.1-cp312-cp312-macosx_10_9_x86_64.whl", hash = "sha256:1e9fbaf920f0f9b4ee62aab832be3ae3968f33f24e2e3f7fbb8c6728ef1d9746"},
    {file = "pyproj-3.6.1-cp312-cp312-macosx_11_0_arm64.whl", hash = "sha256:6d227a865356f225591b6732430b1d1781e946893789a609bb34f59d09b8b0f8"},
    {file = "pyproj-3.6.1-cp312-cp312-manylinux_2_17_aarch64.manylinux2014_aarch64.whl", hash = "sha256:83039e5ae04e5afc974f7d25ee0870a80a6bd6b7957c3aca5613ccbe0d3e72bf"},
    {file = "pyproj-3.6.1-cp312-cp312-manylinux_2_17_x86_64.manylinux2014_x86_64.whl", hash = "sha256:fffb059ba3bced6f6725961ba758649261d85ed6ce670d3e3b0a26e81cf1aa8d"},
    {file = "pyproj-3.6.1-cp312-cp312-win32.whl", hash = "sha256:2d6ff73cc6dbbce3766b6c0bce70ce070193105d8de17aa2470009463682a8eb"},
    {file = "pyproj-3.6.1-cp312-cp312-win_amd64.whl", hash = "sha256:7a27151ddad8e1439ba70c9b4b2b617b290c39395fa9ddb7411ebb0eb86d6fb0"},
    {file = "pyproj-3.6.1-cp39-cp39-macosx_10_9_x86_64.whl", hash = "sha256:4ba1f9b03d04d8cab24d6375609070580a26ce76eaed54631f03bab00a9c737b"},
    {file = "pyproj-3.6.1-cp39-cp39-macosx_11_0_arm64.whl", hash = "sha256:18faa54a3ca475bfe6255156f2f2874e9a1c8917b0004eee9f664b86ccc513d3"},
    {file = "pyproj-3.6.1-cp39-cp39-manylinux_2_17_aarch64.manylinux2014_aarch64.whl", hash = "sha256:fd43bd9a9b9239805f406fd82ba6b106bf4838d9ef37c167d3ed70383943ade1"},
    {file = "pyproj-3.6.1-cp39-cp39-manylinux_2_17_x86_64.manylinux2014_x86_64.whl", hash = "sha256:50100b2726a3ca946906cbaa789dd0749f213abf0cbb877e6de72ca7aa50e1ae"},
    {file = "pyproj-3.6.1-cp39-cp39-win32.whl", hash = "sha256:9274880263256f6292ff644ca92c46d96aa7e57a75c6df3f11d636ce845a1877"},
    {file = "pyproj-3.6.1-cp39-cp39-win_amd64.whl", hash = "sha256:36b64c2cb6ea1cc091f329c5bd34f9c01bb5da8c8e4492c709bda6a09f96808f"},
    {file = "pyproj-3.6.1-pp39-pypy39_pp73-macosx_10_9_x86_64.whl", hash = "sha256:fd93c1a0c6c4aedc77c0fe275a9f2aba4d59b8acf88cebfc19fe3c430cfabf4f"},
    {file = "pyproj-3.6.1-pp39-pypy39_pp73-manylinux_2_17_x86_64.manylinux2014_x86_64.whl", hash = "sha256:6420ea8e7d2a88cb148b124429fba8cd2e0fae700a2d96eab7083c0928a85110"},
    {file = "pyproj-3.6.1.tar.gz", hash = "sha256:44aa7c704c2b7d8fb3d483bbf75af6cb2350d30a63b144279a09b75fead501bf"},
]

[package.dependencies]
certifi = "*"

[[package]]
name = "pyproject-api"
version = "1.6.1"
description = "API to interact with the python pyproject.toml based projects"
optional = false
python-versions = ">=3.8"
files = [
    {file = "pyproject_api-1.6.1-py3-none-any.whl", hash = "sha256:4c0116d60476b0786c88692cf4e325a9814965e2469c5998b830bba16b183675"},
    {file = "pyproject_api-1.6.1.tar.gz", hash = "sha256:1817dc018adc0d1ff9ca1ed8c60e1623d5aaca40814b953af14a9cf9a5cae538"},
]

[package.dependencies]
packaging = ">=23.1"
tomli = {version = ">=2.0.1", markers = "python_version < \"3.11\""}

[package.extras]
docs = ["furo (>=2023.8.19)", "sphinx (<7.2)", "sphinx-autodoc-typehints (>=1.24)"]
testing = ["covdefaults (>=2.3)", "pytest (>=7.4)", "pytest-cov (>=4.1)", "pytest-mock (>=3.11.1)", "setuptools (>=68.1.2)", "wheel (>=0.41.2)"]

[[package]]
name = "shapely"
version = "2.0.4"
description = "Manipulation and analysis of geometric objects"
optional = false
python-versions = ">=3.7"
files = [
    {file = "shapely-2.0.4-cp310-cp310-macosx_10_9_universal2.whl", hash = "sha256:011b77153906030b795791f2fdfa2d68f1a8d7e40bce78b029782ade3afe4f2f"},
    {file = "shapely-2.0.4-cp310-cp310-macosx_10_9_x86_64.whl", hash = "sha256:9831816a5d34d5170aa9ed32a64982c3d6f4332e7ecfe62dc97767e163cb0b17"},
    {file = "shapely-2.0.4-cp310-cp310-macosx_11_0_arm64.whl", hash = "sha256:5c4849916f71dc44e19ed370421518c0d86cf73b26e8656192fcfcda08218fbd"},
    {file = "shapely-2.0.4-cp310-cp310-manylinux_2_17_aarch64.manylinux2014_aarch64.whl", hash = "sha256:841f93a0e31e4c64d62ea570d81c35de0f6cea224568b2430d832967536308e6"},
    {file = "shapely-2.0.4-cp310-cp310-manylinux_2_17_x86_64.manylinux2014_x86_64.whl", hash = "sha256:d2b4431f522b277c79c34b65da128029a9955e4481462cbf7ebec23aab61fc58"},
    {file = "shapely-2.0.4-cp310-cp310-win32.whl", hash = "sha256:92a41d936f7d6743f343be265ace93b7c57f5b231e21b9605716f5a47c2879e7"},
    {file = "shapely-2.0.4-cp310-cp310-win_amd64.whl", hash = "sha256:30982f79f21bb0ff7d7d4a4e531e3fcaa39b778584c2ce81a147f95be1cd58c9"},
    {file = "shapely-2.0.4-cp311-cp311-macosx_10_9_universal2.whl", hash = "sha256:de0205cb21ad5ddaef607cda9a3191eadd1e7a62a756ea3a356369675230ac35"},
    {file = "shapely-2.0.4-cp311-cp311-macosx_10_9_x86_64.whl", hash = "sha256:7d56ce3e2a6a556b59a288771cf9d091470116867e578bebced8bfc4147fbfd7"},
    {file = "shapely-2.0.4-cp311-cp311-macosx_11_0_arm64.whl", hash = "sha256:58b0ecc505bbe49a99551eea3f2e8a9b3b24b3edd2a4de1ac0dc17bc75c9ec07"},
    {file = "shapely-2.0.4-cp311-cp311-manylinux_2_17_aarch64.manylinux2014_aarch64.whl", hash = "sha256:790a168a808bd00ee42786b8ba883307c0e3684ebb292e0e20009588c426da47"},
    {file = "shapely-2.0.4-cp311-cp311-manylinux_2_17_x86_64.manylinux2014_x86_64.whl", hash = "sha256:4310b5494271e18580d61022c0857eb85d30510d88606fa3b8314790df7f367d"},
    {file = "shapely-2.0.4-cp311-cp311-win32.whl", hash = "sha256:63f3a80daf4f867bd80f5c97fbe03314348ac1b3b70fb1c0ad255a69e3749879"},
    {file = "shapely-2.0.4-cp311-cp311-win_amd64.whl", hash = "sha256:c52ed79f683f721b69a10fb9e3d940a468203f5054927215586c5d49a072de8d"},
    {file = "shapely-2.0.4-cp312-cp312-macosx_10_9_universal2.whl", hash = "sha256:5bbd974193e2cc274312da16b189b38f5f128410f3377721cadb76b1e8ca5328"},
    {file = "shapely-2.0.4-cp312-cp312-macosx_10_9_x86_64.whl", hash = "sha256:41388321a73ba1a84edd90d86ecc8bfed55e6a1e51882eafb019f45895ec0f65"},
    {file = "shapely-2.0.4-cp312-cp312-macosx_11_0_arm64.whl", hash = "sha256:0776c92d584f72f1e584d2e43cfc5542c2f3dd19d53f70df0900fda643f4bae6"},
    {file = "shapely-2.0.4-cp312-cp312-manylinux_2_17_aarch64.manylinux2014_aarch64.whl", hash = "sha256:c75c98380b1ede1cae9a252c6dc247e6279403fae38c77060a5e6186c95073ac"},
    {file = "shapely-2.0.4-cp312-cp312-manylinux_2_17_x86_64.manylinux2014_x86_64.whl", hash = "sha256:c3e700abf4a37b7b8b90532fa6ed5c38a9bfc777098bc9fbae5ec8e618ac8f30"},
    {file = "shapely-2.0.4-cp312-cp312-win32.whl", hash = "sha256:4f2ab0faf8188b9f99e6a273b24b97662194160cc8ca17cf9d1fb6f18d7fb93f"},
    {file = "shapely-2.0.4-cp312-cp312-win_amd64.whl", hash = "sha256:03152442d311a5e85ac73b39680dd64a9892fa42bb08fd83b3bab4fe6999bfa0"},
    {file = "shapely-2.0.4-cp37-cp37m-macosx_10_9_x86_64.whl", hash = "sha256:994c244e004bc3cfbea96257b883c90a86e8cbd76e069718eb4c6b222a56f78b"},
    {file = "shapely-2.0.4-cp37-cp37m-manylinux_2_17_aarch64.manylinux2014_aarch64.whl", hash = "sha256:05ffd6491e9e8958b742b0e2e7c346635033d0a5f1a0ea083547fcc854e5d5cf"},
    {file = "shapely-2.0.4-cp37-cp37m-manylinux_2_17_x86_64.manylinux2014_x86_64.whl", hash = "sha256:2fbdc1140a7d08faa748256438291394967aa54b40009f54e8d9825e75ef6113"},
    {file = "shapely-2.0.4-cp37-cp37m-win32.whl", hash = "sha256:5af4cd0d8cf2912bd95f33586600cac9c4b7c5053a036422b97cfe4728d2eb53"},
    {file = "shapely-2.0.4-cp37-cp37m-win_amd64.whl", hash = "sha256:464157509ce4efa5ff285c646a38b49f8c5ef8d4b340f722685b09bb033c5ccf"},
    {file = "shapely-2.0.4-cp38-cp38-macosx_10_9_universal2.whl", hash = "sha256:489c19152ec1f0e5c5e525356bcbf7e532f311bff630c9b6bc2db6f04da6a8b9"},
    {file = "shapely-2.0.4-cp38-cp38-macosx_10_9_x86_64.whl", hash = "sha256:b79bbd648664aa6f44ef018474ff958b6b296fed5c2d42db60078de3cffbc8aa"},
    {file = "shapely-2.0.4-cp38-cp38-macosx_11_0_arm64.whl", hash = "sha256:674d7baf0015a6037d5758496d550fc1946f34bfc89c1bf247cabdc415d7747e"},
    {file = "shapely-2.0.4-cp38-cp38-manylinux_2_17_aarch64.manylinux2014_aarch64.whl", hash = "sha256:6cd4ccecc5ea5abd06deeaab52fcdba372f649728050c6143cc405ee0c166679"},
    {file = "shapely-2.0.4-cp38-cp38-manylinux_2_17_x86_64.manylinux2014_x86_64.whl", hash = "sha256:fb5cdcbbe3080181498931b52a91a21a781a35dcb859da741c0345c6402bf00c"},
    {file = "shapely-2.0.4-cp38-cp38-win32.whl", hash = "sha256:55a38dcd1cee2f298d8c2ebc60fc7d39f3b4535684a1e9e2f39a80ae88b0cea7"},
    {file = "shapely-2.0.4-cp38-cp38-win_amd64.whl", hash = "sha256:ec555c9d0db12d7fd777ba3f8b75044c73e576c720a851667432fabb7057da6c"},
    {file = "shapely-2.0.4-cp39-cp39-macosx_10_9_universal2.whl", hash = "sha256:3f9103abd1678cb1b5f7e8e1af565a652e036844166c91ec031eeb25c5ca8af0"},
    {file = "shapely-2.0.4-cp39-cp39-macosx_10_9_x86_64.whl", hash = "sha256:263bcf0c24d7a57c80991e64ab57cba7a3906e31d2e21b455f493d4aab534aaa"},
    {file = "shapely-2.0.4-cp39-cp39-macosx_11_0_arm64.whl", hash = "sha256:ddf4a9bfaac643e62702ed662afc36f6abed2a88a21270e891038f9a19bc08fc"},
    {file = "shapely-2.0.4-cp39-cp39-manylinux_2_17_aarch64.manylinux2014_aarch64.whl", hash = "sha256:485246fcdb93336105c29a5cfbff8a226949db37b7473c89caa26c9bae52a242"},
    {file = "shapely-2.0.4-cp39-cp39-manylinux_2_17_x86_64.manylinux2014_x86_64.whl", hash = "sha256:8de4578e838a9409b5b134a18ee820730e507b2d21700c14b71a2b0757396acc"},
    {file = "shapely-2.0.4-cp39-cp39-win32.whl", hash = "sha256:9dab4c98acfb5fb85f5a20548b5c0abe9b163ad3525ee28822ffecb5c40e724c"},
    {file = "shapely-2.0.4-cp39-cp39-win_amd64.whl", hash = "sha256:31c19a668b5a1eadab82ff070b5a260478ac6ddad3a5b62295095174a8d26398"},
    {file = "shapely-2.0.4.tar.gz", hash = "sha256:5dc736127fac70009b8d309a0eeb74f3e08979e530cf7017f2f507ef62e6cfb8"},
]

[package.dependencies]
numpy = ">=1.14,<3"

[package.extras]
docs = ["matplotlib", "numpydoc (==1.1.*)", "sphinx", "sphinx-book-theme", "sphinx-remove-toctrees"]
test = ["pytest", "pytest-cov"]

[[package]]
name = "tomli"
version = "2.0.1"
description = "A lil' TOML parser"
optional = false
python-versions = ">=3.7"
files = [
    {file = "tomli-2.0.1-py3-none-any.whl", hash = "sha256:939de3e7a6161af0c887ef91b7d41a53e7c5a1ca976325f429cb46ea9bc30ecc"},
    {file = "tomli-2.0.1.tar.gz", hash = "sha256:de526c12914f0c550d15924c62d72abc48d6fe7364aa87328337a31007fe8a4f"},
]

[[package]]
name = "tox"
version = "4.15.0"
description = "tox is a generic virtualenv management and test command line tool"
optional = false
python-versions = ">=3.8"
files = [
    {file = "tox-4.15.0-py3-none-any.whl", hash = "sha256:300055f335d855b2ab1b12c5802de7f62a36d4fd53f30bd2835f6a201dda46ea"},
    {file = "tox-4.15.0.tar.gz", hash = "sha256:7a0beeef166fbe566f54f795b4906c31b428eddafc0102ac00d20998dd1933f6"},
]

[package.dependencies]
cachetools = ">=5.3.2"
chardet = ">=5.2"
colorama = ">=0.4.6"
filelock = ">=3.13.1"
packaging = ">=23.2"
platformdirs = ">=4.1"
pluggy = ">=1.3"
pyproject-api = ">=1.6.1"
tomli = {version = ">=2.0.1", markers = "python_version < \"3.11\""}
virtualenv = ">=20.25"

[package.extras]
docs = ["furo (>=2023.9.10)", "sphinx (>=7.2.6)", "sphinx-argparse-cli (>=1.11.1)", "sphinx-autodoc-typehints (>=1.25.2)", "sphinx-copybutton (>=0.5.2)", "sphinx-inline-tabs (>=2023.4.21)", "sphinxcontrib-towncrier (>=0.2.1a0)", "towncrier (>=23.11)"]
testing = ["build[virtualenv] (>=1.0.3)", "covdefaults (>=2.3)", "detect-test-pollution (>=1.2)", "devpi-process (>=1)", "diff-cover (>=8.0.2)", "distlib (>=0.3.8)", "flaky (>=3.7)", "hatch-vcs (>=0.4)", "hatchling (>=1.21)", "psutil (>=5.9.7)", "pytest (>=7.4.4)", "pytest-cov (>=4.1)", "pytest-mock (>=3.12)", "pytest-xdist (>=3.5)", "re-assert (>=1.1)", "time-machine (>=2.13)", "wheel (>=0.42)"]

[[package]]
name = "virtualenv"
version = "20.26.2"
description = "Virtual Python Environment builder"
optional = false
python-versions = ">=3.7"
files = [
    {file = "virtualenv-20.26.2-py3-none-any.whl", hash = "sha256:a624db5e94f01ad993d476b9ee5346fdf7b9de43ccaee0e0197012dc838a0e9b"},
    {file = "virtualenv-20.26.2.tar.gz", hash = "sha256:82bf0f4eebbb78d36ddaee0283d43fe5736b53880b8a8cdcd37390a07ac3741c"},
]

[package.dependencies]
distlib = ">=0.3.7,<1"
filelock = ">=3.12.2,<4"
platformdirs = ">=3.9.1,<5"

[package.extras]
docs = ["furo (>=2023.7.26)", "proselint (>=0.13)", "sphinx (>=7.1.2,!=7.3)", "sphinx-argparse (>=0.4)", "sphinxcontrib-towncrier (>=0.2.1a0)", "towncrier (>=23.6)"]
test = ["covdefaults (>=2.3)", "coverage (>=7.2.7)", "coverage-enable-subprocess (>=1)", "flaky (>=3.7)", "packaging (>=23.1)", "pytest (>=7.4)", "pytest-env (>=0.8.2)", "pytest-freezer (>=0.4.8)", "pytest-mock (>=3.11.1)", "pytest-randomly (>=3.12)", "pytest-timeout (>=2.1)", "setuptools (>=68)", "time-machine (>=2.10)"]

[extras]
proj = ["pyproj"]

[metadata]
lock-version = "2.0"
python-versions = "^3.9"
content-hash = "7d3e232de707fc586aee106951d5ec54ae494f32c0065a75615faebbbc50d4f7"
